
Microsoft Visual Studio Solution File, Format Version 12.00
# Visual Studio Version 16
VisualStudioVersion = 16.0.30413.136
MinimumVisualStudioVersion = 10.0.40219.1
Project("{888888A0-9F3D-457C-B088-3A5042F75D52}") = "zadanie", "zadanie\zadanie.pyproj", "{96DA20C3-71AA-4E4E-89B7-74C924A1D22E}"
EndProject
Global
	GlobalSection(SolutionConfigurationPlatforms) = preSolution
		Debug|Any CPU = Debug|Any CPU
		Release|Any CPU = Release|Any CPU
	EndGlobalSection
	GlobalSection(ProjectConfigurationPlatforms) = postSolution
		{96DA20C3-71AA-4E4E-89B7-74C924A1D22E}.Debug|Any CPU.ActiveCfg = Debug|Any CPU
		{96DA20C3-71AA-4E4E-89B7-74C924A1D22E}.Release|Any CPU.ActiveCfg = Release|Any CPU
	EndGlobalSection
	GlobalSection(SolutionProperties) = preSolution
		HideSolutionNode = FALSE
	EndGlobalSection
	GlobalSection(ExtensibilityGlobals) = postSolution
		SolutionGuid = {46DDE6AD-528B-4142-A2D4-121530F49503}
	EndGlobalSection
EndGlobal
